
Microsoft Visual Studio Solution File, Format Version 12.00
# Visual Studio Version 17
VisualStudioVersion = 17.8.34330.188
MinimumVisualStudioVersion = 10.0.40219.1
Project("{FAE04EC0-301F-11D3-BF4B-00C04F79EFBC}") = "Rectangle", "Rectangle\Rectangle.csproj", "{47F37D58-3A4F-4708-8EEB-79337CE8A9CB}"
EndProject
Global
	GlobalSection(SolutionConfigurationPlatforms) = preSolution
		Debug|Any CPU = Debug|Any CPU
		Release|Any CPU = Release|Any CPU
	EndGlobalSection
	GlobalSection(ProjectConfigurationPlatforms) = postSolution
		{47F37D58-3A4F-4708-8EEB-79337CE8A9CB}.Debug|Any CPU.ActiveCfg = Debug|Any CPU
		{47F37D58-3A4F-4708-8EEB-79337CE8A9CB}.Debug|Any CPU.Build.0 = Debug|Any CPU
		{47F37D58-3A4F-4708-8EEB-79337CE8A9CB}.Release|Any CPU.ActiveCfg = Release|Any CPU
		{47F37D58-3A4F-4708-8EEB-79337CE8A9CB}.Release|Any CPU.Build.0 = Release|Any CPU
	EndGlobalSection
	GlobalSection(SolutionProperties) = preSolution
		HideSolutionNode = FALSE
	EndGlobalSection
	GlobalSection(ExtensibilityGlobals) = postSolution
		SolutionGuid = {14BA62AD-BA72-45B9-9351-878EE0A74A6B}
	EndGlobalSection
EndGlobal
